PODS:
  - RAMAnimatedTabBarController (4.0.2)
  - SwiftyGif (4.2.0)

DEPENDENCIES:
  - RAMAnimatedTabBarController
  - SwiftyGif

SPEC REPOS:
  https://github.com/cocoapods/specs.git:
    - RAMAnimatedTabBarController
    - SwiftyGif

SPEC CHECKSUMS:
  RAMAnimatedTabBarController: 5c91e16a9c4be56a7e022182b64b192bc6865f20
  SwiftyGif: a149bf84df23370592f3f075561ae02c8632a314

PODFILE CHECKSUM: 2bc5805c849f85f2af1f3539f1d2db26f2a1ac9c

COCOAPODS: 1.6.1
